// !$*UTF8*$!
{
	archiveVersion = 1;
	classes = {
	};
	objectVersion = 46;
	objects = {

/* Begin PBXFileReference section */
		9414E7E41C82936000937C8C /* inc */ = {isa = PBXFileReference; lastKnownFileType = folder; path = inc; sourceTree = "<group>"; };
		9414E7E51C82936000937C8C /* libft.a */ = {isa = PBXFileReference; lastKnownFileType = archive.ar; path = libft.a; sourceTree = "<group>"; };
		9414E7E61C82936000937C8C /* Makefile */ = {isa = PBXFileReference; lastKnownFileType = sourcecode.make; path = Makefile; sourceTree = "<group>"; };
		9414E7E71C82936000937C8C /* objs */ = {isa = PBXFileReference; lastKnownFileType = folder; path = objs; sourceTree = "<group>"; };
		9414E7E81C82936000937C8C /* README.md */ = {isa = PBXFileReference; lastKnownFileType = net.daringfireball.markdown; path = README.md; sourceTree = "<group>"; };
		9414E7E91C82936000937C8C /* srcs */ = {isa = PBXFileReference; lastKnownFileType = folder; path = srcs; sourceTree = "<group>"; };
/* End PBXFileReference section */

/* Begin PBXGroup section */
		9414E7DE1C82936000937C8C = {
			isa = PBXGroup;
			children = (
				9414E7E41C82936000937C8C /* inc */,
				9414E7E51C82936000937C8C /* libft.a */,
				9414E7E61C82936000937C8C /* Makefile */,
				9414E7E71C82936000937C8C /* objs */,
				9414E7E81C82936000937C8C /* README.md */,
				9414E7E91C82936000937C8C /* srcs */,
			);
			sourceTree = "<group>";
		};
/* End PBXGroup section */

/* Begin PBXLegacyTarget section */
		9414E7E31C82936000937C8C /* libft */ = {
			isa = PBXLegacyTarget;
			buildArgumentsString = $ACTION;
			buildConfigurationList = 9414E7EA1C82936000937C8C /* Build configuration list for PBXLegacyTarget "libft" */;
			buildPhases = (
			);
			buildToolPath = /usr/bin/make;
			buildWorkingDirectory = /Users/nchampot/project/ft_ls/libft;
			dependencies = (
			);
			name = libft;
			passBuildSettingsInEnvironment = 1;
			productName = libft;
		};
/* End PBXLegacyTarget section */

/* Begin PBXProject section */
		9414E7DF1C82936000937C8C /* Project object */ = {
			isa = PBXProject;
			attributes = {
			};
			buildConfigurationList = 9414E7E21C82936000937C8C /* Build configuration list for PBXProject "libft" */;
			compatibilityVersion = "Xcode 3.2";
			developmentRegion = English;
			hasScannedForEncodings = 0;
			knownRegions = (
				en,
			);
			mainGroup = 9414E7DE1C82936000937C8C;
			projectDirPath = "";
			projectRoot = "";
			targets = (
				9414E7E31C82936000937C8C /* libft */,
			);
		};
/* End PBXProject section */

/* Begin XCBuildConfiguration section */
		9414E7E01C82936000937C8C /* Debug */ = {
			isa = XCBuildConfiguration;
			buildSettings = {
				ARCHS = "$(ARCHS_STANDARD_32_BIT)";
				COPY_PHASE_STRIP = NO;
				GCC_WARN_ABOUT_RETURN_TYPE = YES;
				GCC_WARN_UNUSED_VARIABLE = YES;
				ONLY_ACTIVE_ARCH = YES;
				SDKROOT = macosx10.6;
			};
			name = Debug;
		};
		9414E7E11C82936000937C8C /* Release */ = {
			isa = XCBuildConfiguration;
			buildSettings = {
				ARCHS = "$(ARCHS_STANDARD_32_BIT)";
				COPY_PHASE_STRIP = YES;
				GCC_WARN_ABOUT_RETURN_TYPE = YES;
				GCC_WARN_UNUSED_VARIABLE = YES;
				SDKROOT = macosx10.6;
			};
			name = Release;
		};
		9414E7EB1C82936000937C8C /* Debug */ = {
			isa = XCBuildConfiguration;
			buildSettings = {
				COPY_PHASE_STRIP = NO;
				DEBUGGING_SYMBOLS = YES;
				GCC_DYNAMIC_NO_PIC = NO;
				GCC_ENABLE_FIX_AND_CONTINUE = YES;
				GCC_GENERATE_DEBUGGING_SYMBOLS = YES;
				GCC_OPTIMIZATION_LEVEL = 0;
				OTHER_CFLAGS = "";
				OTHER_LDFLAGS = "";
				PRODUCT_NAME = libft;
			};
			name = Debug;
		};
		9414E7EC1C82936000937C8C /* Release */ = {
			isa = XCBuildConfiguration;
			buildSettings = {
				COPY_PHASE_STRIP = YES;
				DEBUG_INFORMATION_FORMAT = "dwarf-with-dsym";
				GCC_ENABLE_FIX_AND_CONTINUE = NO;
				OTHER_CFLAGS = "";
				OTHER_LDFLAGS = "";
				PRODUCT_NAME = libft;
			};
			name = Release;
		};
/* End XCBuildConfiguration section */

/* Begin XCConfigurationList section */
		9414E7E21C82936000937C8C /* Build configuration list for PBXProject "libft" */ = {
			isa = XCConfigurationList;
			buildConfigurations = (
				9414E7E01C82936000937C8C /* Debug */,
				9414E7E11C82936000937C8C /* Release */,
			);
			defaultConfigurationIsVisible = 0;
			defaultConfigurationName = Release;
		};
		9414E7EA1C82936000937C8C /* Build configuration list for PBXLegacyTarget "libft" */ = {
			isa = XCConfigurationList;
			buildConfigurations = (
				9414E7EB1C82936000937C8C /* Debug */,
				9414E7EC1C82936000937C8C /* Release */,
			);
			defaultConfigurationIsVisible = 0;
			defaultConfigurationName = Release;
		};
/* End XCConfigurationList section */
	};
	rootObject = 9414E7DF1C82936000937C8C /* Project object */;
}
